{
  "version": 4,
  "terraform_version": "1.3.6",
  "serial": 8,
  "lineage": "85074559-b955-6e77-28bf-f3ba92285b37",
  "outputs": {},
  "resources": [
    {
      "mode": "managed",
      "type": "citrixadc_nsip",
      "name": "snip",
      "provider": "provider[\"registry.terraform.io/citrix/citrixadc\"]",
      "instances": [
        {
          "schema_version": 1,
          "attributes": {
            "advertiseondefaultpartition": "DISABLED",
            "arp": "ENABLED",
            "arpresponse": "NONE",
            "bgp": "",
            "decrementttl": "DISABLED",
            "dynamicrouting": "DISABLED",
            "ftp": "ENABLED",
            "gui": "ENABLED",
            "hostroute": "DISABLED",
            "hostrtgw": "",
            "icmp": "ENABLED",
            "icmpresponse": "NONE",
            "id": "192.168.3.10",
            "ipaddress": "192.168.3.10",
            "metric": 0,
            "mgmtaccess": "DISABLED",
            "mptcpadvertise": "",
            "netmask": "255.255.255.0",
            "networkroute": "DISABLED",
            "ospf": "",
            "ospfarea": 0,
            "ospflsatype": "TYPE5",
            "ownerdownresponse": "YES",
            "ownernode": "255",
            "restrictaccess": "DISABLED",
            "rip": "",
            "snmp": "ENABLED",
            "ssh": "ENABLED",
            "state": "ENABLED",
            "tag": null,
            "td": null,
            "telnet": "ENABLED",
            "type": "SNIP",
            "vrid": 0,
            "vserver": "DISABLED",
            "vserverrhilevel": "ONE_VSERVER",
            "vserverrhimode": ""
          },
          "sensitive_attributes": [],
          "private": "eyJzY2hlbWFfdmVyc2lvbiI6IjEifQ=="
        }
      ]
    },
    {
      "mode": "managed",
      "type": "citrixadc_service",
      "name": "WEB_S1",
      "provider": "provider[\"registry.terraform.io/citrix/citrixadc\"]",
      "instances": [
        {
          "schema_version": 1,
          "attributes": {
            "accessdown": "NO",
            "all": false,
            "appflowlog": "ENABLED",
            "cacheable": "NO",
            "cachetype": "SERVER",
            "cip": "DISABLED",
            "cipheader": "",
            "cka": "NO",
            "cleartextport": 0,
            "clttimeout": 180,
            "cmp": "NO",
            "comment": "",
            "commonname": null,
            "contentinspectionprofilename": "",
            "customserverid": "None",
            "delay": null,
            "disabled_poll_delay": null,
            "disabled_poll_interval": null,
            "disabled_timeout": null,
            "dnsprofilename": "",
            "downstateflush": "ENABLED",
            "graceful": null,
            "hashid": 0,
            "healthmonitor": "YES",
            "httpprofilename": "",
            "id": "Web_S1",
            "internal": false,
            "ip": "192.168.3.11",
            "ipaddress": "192.168.3.11",
            "lbmonitor": "tcp-default",
            "lbvserver": "",
            "maxbandwidth": null,
            "maxclient": null,
            "maxreq": null,
            "monconnectionclose": "NONE",
            "monitornamesvc": "",
            "monthreshold": null,
            "name": "Web_S1",
            "netprofile": "",
            "pathmonitor": "NO",
            "pathmonitorindv": "NO",
            "port": 80,
            "processlocal": "DISABLED",
            "riseapbrstatsmsgcode": 0,
            "rtspsessionidremap": "OFF",
            "sc": "",
            "serverid": 0,
            "servername": "192.168.3.11",
            "servicetype": "HTTP",
            "snienable": null,
            "sp": "OFF",
            "state": "ENABLED",
            "svrtimeout": 360,
            "tcpb": "NO",
            "tcpprofilename": "",
            "td": null,
            "useproxyport": "YES",
            "usip": "NO",
            "wait_until_disabled": null,
            "weight": 0
          },
          "sensitive_attributes": [],
          "private": "eyJzY2hlbWFfdmVyc2lvbiI6IjEifQ==",
          "dependencies": [
            "citrixadc_nsip.snip"
          ]
        }
      ]
    },
    {
      "mode": "managed",
      "type": "citrixadc_service",
      "name": "WEB_S2",
      "provider": "provider[\"registry.terraform.io/citrix/citrixadc\"]",
      "instances": [
        {
          "schema_version": 1,
          "attributes": {
            "accessdown": "NO",
            "all": false,
            "appflowlog": "ENABLED",
            "cacheable": "NO",
            "cachetype": "SERVER",
            "cip": "DISABLED",
            "cipheader": "",
            "cka": "NO",
            "cleartextport": 0,
            "clttimeout": 180,
            "cmp": "NO",
            "comment": "",
            "commonname": null,
            "contentinspectionprofilename": "",
            "customserverid": "None",
            "delay": null,
            "disabled_poll_delay": null,
            "disabled_poll_interval": null,
            "disabled_timeout": null,
            "dnsprofilename": "",
            "downstateflush": "ENABLED",
            "graceful": null,
            "hashid": 0,
            "healthmonitor": "YES",
            "httpprofilename": "",
            "id": "Web_S2",
            "internal": false,
            "ip": "192.168.3.12",
            "ipaddress": "192.168.3.12",
            "lbmonitor": "tcp-default",
            "lbvserver": "",
            "maxbandwidth": null,
            "maxclient": null,
            "maxreq": null,
            "monconnectionclose": "NONE",
            "monitornamesvc": "",
            "monthreshold": null,
            "name": "Web_S2",
            "netprofile": "",
            "pathmonitor": "NO",
            "pathmonitorindv": "NO",
            "port": 80,
            "processlocal": "DISABLED",
            "riseapbrstatsmsgcode": 0,
            "rtspsessionidremap": "OFF",
            "sc": "",
            "serverid": 0,
            "servername": "192.168.3.12",
            "servicetype": "HTTP",
            "snienable": null,
            "sp": "OFF",
            "state": "ENABLED",
            "svrtimeout": 360,
            "tcpb": "NO",
            "tcpprofilename": "",
            "td": null,
            "useproxyport": "YES",
            "usip": "NO",
            "wait_until_disabled": null,
            "weight": 0
          },
          "sensitive_attributes": [],
          "private": "eyJzY2hlbWFfdmVyc2lvbiI6IjEifQ==",
          "dependencies": [
            "citrixadc_nsip.snip"
          ]
        }
      ]
    }
  ],
  "check_results": null
}
